
Microsoft Visual Studio Solution File, Format Version 12.00
# Visual Studio Version 16
VisualStudioVersion = 16.0.31025.194
MinimumVisualStudioVersion = 10.0.40219.1
Project("{FAE04EC0-301F-11D3-BF4B-00C04F79EFBC}") = "NgZorroBack", "NgZorroBack\NgZorroBack.csproj", "{C12039A8-7DC7-4AB1-A71D-D30C3DBF7DFA}"
EndProject
Global
	GlobalSection(SolutionConfigurationPlatforms) = preSolution
		Debug|Any CPU = Debug|Any CPU
		Release|Any CPU = Release|Any CPU
	EndGlobalSection
	GlobalSection(ProjectConfigurationPlatforms) = postSolution
		{C12039A8-7DC7-4AB1-A71D-D30C3DBF7DFA}.Debug|Any CPU.ActiveCfg = Debug|Any CPU
		{C12039A8-7DC7-4AB1-A71D-D30C3DBF7DFA}.Debug|Any CPU.Build.0 = Debug|Any CPU
		{C12039A8-7DC7-4AB1-A71D-D30C3DBF7DFA}.Release|Any CPU.ActiveCfg = Release|Any CPU
		{C12039A8-7DC7-4AB1-A71D-D30C3DBF7DFA}.Release|Any CPU.Build.0 = Release|Any CPU
	EndGlobalSection
	GlobalSection(SolutionProperties) = preSolution
		HideSolutionNode = FALSE
	EndGlobalSection
	GlobalSection(ExtensibilityGlobals) = postSolution
		SolutionGuid = {0B2D356B-F3E2-4B60-A343-FF85701900E1}
	EndGlobalSection
EndGlobal
